
Microsoft Visual Studio Solution File, Format Version 12.00
# Visual Studio 15
VisualStudioVersion = 15.0.28010.2036
MinimumVisualStudioVersion = 10.0.40219.1
Project("{2150E333-8FDC-42A3-9474-1A3956D46DE8}") = "01-Startup", "01-Startup", "{9F9CE72E-21E6-4979-983C-9771EA7D13F2}"
EndProject
Project("{9A19103F-16F7-4668-BE54-9A1E7A4F7556}") = "Startup", "01-Startup\Startup.csproj", "{D831467D-6EE5-482D-AB1B-3CF474A48BC1}"
EndProject
Global
	GlobalSection(SolutionConfigurationPlatforms) = preSolution
		Debug|Any CPU = Debug|Any CPU
		Release|Any CPU = Release|Any CPU
	EndGlobalSection
	GlobalSection(ProjectConfigurationPlatforms) = postSolution
		{D831467D-6EE5-482D-AB1B-3CF474A48BC1}.Debug|Any CPU.ActiveCfg = Debug|Any CPU
		{D831467D-6EE5-482D-AB1B-3CF474A48BC1}.Debug|Any CPU.Build.0 = Debug|Any CPU
		{D831467D-6EE5-482D-AB1B-3CF474A48BC1}.Release|Any CPU.ActiveCfg = Release|Any CPU
		{D831467D-6EE5-482D-AB1B-3CF474A48BC1}.Release|Any CPU.Build.0 = Release|Any CPU
	EndGlobalSection
	GlobalSection(SolutionProperties) = preSolution
		HideSolutionNode = FALSE
	EndGlobalSection
	GlobalSection(NestedProjects) = preSolution
		{D831467D-6EE5-482D-AB1B-3CF474A48BC1} = {9F9CE72E-21E6-4979-983C-9771EA7D13F2}
	EndGlobalSection
	GlobalSection(ExtensibilityGlobals) = postSolution
		SolutionGuid = {BF214BD6-6A3E-49A5-ADAE-AD069BB3105E}
	EndGlobalSection
EndGlobal
